
Microsoft Visual Studio Solution File, Format Version 12.00
# Visual Studio 15
VisualStudioVersion = 15.0.28307.1169
MinimumVisualStudioVersion = 10.0.40219.1
Project("{FAE04EC0-301F-11D3-BF4B-00C04F79EFBC}") = "TjuvOchPolis", "TjuvOchPolis\TjuvOchPolis.csproj", "{BCC2154C-63CD-4624-817C-97F6ED9AFCF2}"
EndProject
Global
	GlobalSection(SolutionConfigurationPlatforms) = preSolution
		Debug|Any CPU = Debug|Any CPU
		Release|Any CPU = Release|Any CPU
	EndGlobalSection
	GlobalSection(ProjectConfigurationPlatforms) = postSolution
		{BCC2154C-63CD-4624-817C-97F6ED9AFCF2}.Debug|Any CPU.ActiveCfg = Debug|Any CPU
		{BCC2154C-63CD-4624-817C-97F6ED9AFCF2}.Debug|Any CPU.Build.0 = Debug|Any CPU
		{BCC2154C-63CD-4624-817C-97F6ED9AFCF2}.Release|Any CPU.ActiveCfg = Release|Any CPU
		{BCC2154C-63CD-4624-817C-97F6ED9AFCF2}.Release|Any CPU.Build.0 = Release|Any CPU
	EndGlobalSection
	GlobalSection(SolutionProperties) = preSolution
		HideSolutionNode = FALSE
	EndGlobalSection
	GlobalSection(ExtensibilityGlobals) = postSolution
		SolutionGuid = {DEAFD2AB-92BA-429B-9C04-0786E329FE60}
	EndGlobalSection
EndGlobal
